// !$*UTF8*$!
{
	archiveVersion = 1;
	classes = {
	};
	objectVersion = 48;
	objects = {

/* Begin PBXBuildFile section */
		5C885F251666620B7ED880AB /* Pods_App.framework in Frameworks */ = {isa = PBXBuildFile; fileRef = 469020F20BB125F142783DE7 /* Pods_App.framework */; };
		8DBB86FD7DE2306DDB506E98 /* Pods_AppTests.framework in Frameworks */ = {isa = PBXBuildFile; fileRef = C3D57E4A8B1CC187D11FAB25 /* Pods_AppTests.framework */; };
		D7352E79201B8CDA00F1CCE2 /* Places.swift in Sources */ = {isa = PBXBuildFile; fileRef = D7352E78201B8CDA00F1CCE2 /* Places.swift */; };
		D7352E7B201B971200F1CCE2 /* Assets.xcassets in Resources */ = {isa = PBXBuildFile; fileRef = D7352E7A201B971200F1CCE2 /* Assets.xcassets */; };
		D7352E7D201B9CEC00F1CCE2 /* DetailViewController.swift in Sources */ = {isa = PBXBuildFile; fileRef = D7352E7C201B9CEC00F1CCE2 /* DetailViewController.swift */; };
		D7352E7F201B9D6200F1CCE2 /* DetailViewCell.swift in Sources */ = {isa = PBXBuildFile; fileRef = D7352E7E201B9D6200F1CCE2 /* DetailViewCell.swift */; };
		D7583E4F2017789400B8DBFB /* AppDelegate.swift in Sources */ = {isa = PBXBuildFile; fileRef = D7583E4E2017789400B8DBFB /* AppDelegate.swift */; };
		D7583E512017789400B8DBFB /* ViewController.swift in Sources */ = {isa = PBXBuildFile; fileRef = D7583E502017789400B8DBFB /* ViewController.swift */; };
		D7583E542017789400B8DBFB /* Main.storyboard in Resources */ = {isa = PBXBuildFile; fileRef = D7583E522017789400B8DBFB /* Main.storyboard */; };
		D7583E592017789400B8DBFB /* LaunchScreen.storyboard in Resources */ = {isa = PBXBuildFile; fileRef = D7583E572017789400B8DBFB /* LaunchScreen.storyboard */; };
		D7583E642017789400B8DBFB /* AppTests.swift in Sources */ = {isa = PBXBuildFile; fileRef = D7583E632017789400B8DBFB /* AppTests.swift */; };
		D7583EC020177B9B00B8DBFB /* Domain.framework in Frameworks */ = {isa = PBXBuildFile; fileRef = D7583EC120177B9B00B8DBFB /* Domain.framework */; };
/* End PBXBuildFile section */

/* Begin PBXContainerItemProxy section */
		D7583E602017789400B8DBFB /* PBXContainerItemProxy */ = {
			isa = PBXContainerItemProxy;
			containerPortal = D7583E432017789400B8DBFB /* Project object */;
			proxyType = 1;
			remoteGlobalIDString = D7583E4A2017789400B8DBFB;
			remoteInfo = App;
		};
/* End PBXContainerItemProxy section */

/* Begin PBXFileReference section */
		15DF654D247BD6DB43C1BC78 /* Pods-App.release.xcconfig */ = {isa = PBXFileReference; includeInIndex = 1; lastKnownFileType = text.xcconfig; name = "Pods-App.release.xcconfig"; path = "Pods/Target Support Files/Pods-App/Pods-App.release.xcconfig"; sourceTree = "<group>"; };
		2095A02B9B69BD0DCDDBE344 /* Pods-AppTests.debug.xcconfig */ = {isa = PBXFileReference; includeInIndex = 1; lastKnownFileType = text.xcconfig; name = "Pods-AppTests.debug.xcconfig"; path = "Pods/Target Support Files/Pods-AppTests/Pods-AppTests.debug.xcconfig"; sourceTree = "<group>"; };
		469020F20BB125F142783DE7 /* Pods_App.framework */ = {isa = PBXFileReference; explicitFileType = wrapper.framework; includeInIndex = 0; path = Pods_App.framework; sourceTree = BUILT_PRODUCTS_DIR; };
		51291521309424AF76C0F604 /* Pods-App.debug.xcconfig */ = {isa = PBXFileReference; includeInIndex = 1; lastKnownFileType = text.xcconfig; name = "Pods-App.debug.xcconfig"; path = "Pods/Target Support Files/Pods-App/Pods-App.debug.xcconfig"; sourceTree = "<group>"; };
		6F0B2C6BADC95BF83AA812FB /* Pods-AppTests.release.xcconfig */ = {isa = PBXFileReference; includeInIndex = 1; lastKnownFileType = text.xcconfig; name = "Pods-AppTests.release.xcconfig"; path = "Pods/Target Support Files/Pods-AppTests/Pods-AppTests.release.xcconfig"; sourceTree = "<group>"; };
		C3D57E4A8B1CC187D11FAB25 /* Pods_AppTests.framework */ = {isa = PBXFileReference; explicitFileType = wrapper.framework; includeInIndex = 0; path = Pods_AppTests.framework; sourceTree = BUILT_PRODUCTS_DIR; };
		D7352E78201B8CDA00F1CCE2 /* Places.swift */ = {isa = PBXFileReference; lastKnownFileType = sourcecode.swift; path = Places.swift; sourceTree = "<group>"; };
		D7352E7A201B971200F1CCE2 /* Assets.xcassets */ = {isa = PBXFileReference; lastKnownFileType = folder.assetcatalog; path = Assets.xcassets; sourceTree = "<group>"; };
		D7352E7C201B9CEC00F1CCE2 /* DetailViewController.swift */ = {isa = PBXFileReference; lastKnownFileType = sourcecode.swift; path = DetailViewController.swift; sourceTree = "<group>"; };
		D7352E7E201B9D6200F1CCE2 /* DetailViewCell.swift */ = {isa = PBXFileReference; lastKnownFileType = sourcecode.swift; path = DetailViewCell.swift; sourceTree = "<group>"; };
		D7352E80201BA6C000F1CCE2 /* fr */ = {isa = PBXFileReference; lastKnownFileType = text.plist.strings; name = fr; path = fr.lproj/Main.strings; sourceTree = "<group>"; };
		D7352E81201BA6C000F1CCE2 /* fr */ = {isa = PBXFileReference; lastKnownFileType = text.plist.strings; name = fr; path = fr.lproj/LaunchScreen.strings; sourceTree = "<group>"; };
		D7583E4B2017789400B8DBFB /* App.app */ = {isa = PBXFileReference; explicitFileType = wrapper.application; includeInIndex = 0; path = App.app; sourceTree = BUILT_PRODUCTS_DIR; };
		D7583E4E2017789400B8DBFB /* AppDelegate.swift */ = {isa = PBXFileReference; lastKnownFileType = sourcecode.swift; path = AppDelegate.swift; sourceTree = "<group>"; };
		D7583E502017789400B8DBFB /* ViewController.swift */ = {isa = PBXFileReference; lastKnownFileType = sourcecode.swift; path = ViewController.swift; sourceTree = "<group>"; };
		D7583E532017789400B8DBFB /* Base */ = {isa = PBXFileReference; lastKnownFileType = file.storyboard; name = Base; path = Base.lproj/Main.storyboard; sourceTree = "<group>"; };
		D7583E582017789400B8DBFB /* Base */ = {isa = PBXFileReference; lastKnownFileType = file.storyboard; name = Base; path = Base.lproj/LaunchScreen.storyboard; sourceTree = "<group>"; };
		D7583E5A2017789400B8DBFB /* Info.plist */ = {isa = PBXFileReference; lastKnownFileType = text.plist.xml; path = Info.plist; sourceTree = "<group>"; };
		D7583E5F2017789400B8DBFB /* AppTests.xctest */ = {isa = PBXFileReference; explicitFileType = wrapper.cfbundle; includeInIndex = 0; path = AppTests.xctest; sourceTree = BUILT_PRODUCTS_DIR; };
		D7583E632017789400B8DBFB /* AppTests.swift */ = {isa = PBXFileReference; lastKnownFileType = sourcecode.swift; path = AppTests.swift; sourceTree = "<group>"; };
		D7583E652017789400B8DBFB /* Info.plist */ = {isa = PBXFileReference; lastKnownFileType = text.plist.xml; path = Info.plist; sourceTree = "<group>"; };
		D7583EC120177B9B00B8DBFB /* Domain.framework */ = {isa = PBXFileReference; explicitFileType = wrapper.framework; path = Domain.framework; sourceTree = BUILT_PRODUCTS_DIR; };
/* End PBXFileReference section */

/* Begin PBXFrameworksBuildPhase section */
		D7583E482017789400B8DBFB /* Frameworks */ = {
			isa = PBXFrameworksBuildPhase;
			buildActionMask = 2147483647;
			files = (
				D7583EC020177B9B00B8DBFB /* Domain.framework in Frameworks */,
				5C885F251666620B7ED880AB /* Pods_App.framework in Frameworks */,
			);
			runOnlyForDeploymentPostprocessing = 0;
		};
		D7583E5C2017789400B8DBFB /* Frameworks */ = {
			isa = PBXFrameworksBuildPhase;
			buildActionMask = 2147483647;
			files = (
				8DBB86FD7DE2306DDB506E98 /* Pods_AppTests.framework in Frameworks */,
			);
			runOnlyForDeploymentPostprocessing = 0;
		};
/* End PBXFrameworksBuildPhase section */

/* Begin PBXGroup section */
		D7352E89201BA99700F1CCE2 /* Annotation */ = {
			isa = PBXGroup;
			children = (
				D7352E78201B8CDA00F1CCE2 /* Places.swift */,
			);
			path = Annotation;
			sourceTree = "<group>";
		};
		D7583E422017789400B8DBFB = {
			isa = PBXGroup;
			children = (
				D7583E4D2017789400B8DBFB /* App */,
				D7583E622017789400B8DBFB /* AppTests */,
				D7583E4C2017789400B8DBFB /* Products */,
				D7583EBF20177B9B00B8DBFB /* Frameworks */,
				DCCAE81EF57E659B238AF22B /* Pods */,
			);
			sourceTree = "<group>";
		};
		D7583E4C2017789400B8DBFB /* Products */ = {
			isa = PBXGroup;
			children = (
				D7583E4B2017789400B8DBFB /* App.app */,
				D7583E5F2017789400B8DBFB /* AppTests.xctest */,
			);
			name = Products;
			sourceTree = "<group>";
		};
		D7583E4D2017789400B8DBFB /* App */ = {
			isa = PBXGroup;
			children = (
				D7352E89201BA99700F1CCE2 /* Annotation */,
				D7583E4E2017789400B8DBFB /* AppDelegate.swift */,
				D7583E502017789400B8DBFB /* ViewController.swift */,
				D7352E7C201B9CEC00F1CCE2 /* DetailViewController.swift */,
				D7352E7E201B9D6200F1CCE2 /* DetailViewCell.swift */,
				D7583E522017789400B8DBFB /* Main.storyboard */,
				D7583E572017789400B8DBFB /* LaunchScreen.storyboard */,
				D7583E5A2017789400B8DBFB /* Info.plist */,
				D7352E7A201B971200F1CCE2 /* Assets.xcassets */,
			);
			path = App;
			sourceTree = "<group>";
		};
		D7583E622017789400B8DBFB /* AppTests */ = {
			isa = PBXGroup;
			children = (
				D7583E632017789400B8DBFB /* AppTests.swift */,
				D7583E652017789400B8DBFB /* Info.plist */,
			);
			path = AppTests;
			sourceTree = "<group>";
		};
		D7583EBF20177B9B00B8DBFB /* Frameworks */ = {
			isa = PBXGroup;
			children = (
				D7583EC120177B9B00B8DBFB /* Domain.framework */,
				469020F20BB125F142783DE7 /* Pods_App.framework */,
				C3D57E4A8B1CC187D11FAB25 /* Pods_AppTests.framework */,
			);
			name = Frameworks;
			sourceTree = "<group>";
		};
		DCCAE81EF57E659B238AF22B /* Pods */ = {
			isa = PBXGroup;
			children = (
				51291521309424AF76C0F604 /* Pods-App.debug.xcconfig */,
				15DF654D247BD6DB43C1BC78 /* Pods-App.release.xcconfig */,
				2095A02B9B69BD0DCDDBE344 /* Pods-AppTests.debug.xcconfig */,
				6F0B2C6BADC95BF83AA812FB /* Pods-AppTests.release.xcconfig */,
			);
			name = Pods;
			sourceTree = "<group>";
		};
/* End PBXGroup section */

/* Begin PBXNativeTarget section */
		D7583E4A2017789400B8DBFB /* App */ = {
			isa = PBXNativeTarget;
			buildConfigurationList = D7583E682017789400B8DBFB /* Build configuration list for PBXNativeTarget "App" */;
			buildPhases = (
				6E6B657F1E1B7F8C3A6AA40F /* [CP] Check Pods Manifest.lock */,
				D7583E472017789400B8DBFB /* Sources */,
				D7583E482017789400B8DBFB /* Frameworks */,
				D7583E492017789400B8DBFB /* Resources */,
				194BCA35255DAE9E4CF58273 /* [CP] Embed Pods Frameworks */,
				34EB4D287C5473F3F1E80E5B /* [CP] Copy Pods Resources */,
			);
			buildRules = (
			);
			dependencies = (
			);
			name = App;
			productName = App;
			productReference = D7583E4B2017789400B8DBFB /* App.app */;
			productType = "com.apple.product-type.application";
		};
		D7583E5E2017789400B8DBFB /* AppTests */ = {
			isa = PBXNativeTarget;
			buildConfigurationList = D7583E6B2017789400B8DBFB /* Build configuration list for PBXNativeTarget "AppTests" */;
			buildPhases = (
				F56C7386480FA21890D16270 /* [CP] Check Pods Manifest.lock */,
				D7583E5B2017789400B8DBFB /* Sources */,
				D7583E5C2017789400B8DBFB /* Frameworks */,
				D7583E5D2017789400B8DBFB /* Resources */,
				FF340ACAF24DCD9E04D97DB7 /* [CP] Embed Pods Frameworks */,
				191FC6CEFC077B00FF66296C /* [CP] Copy Pods Resources */,
			);
			buildRules = (
			);
			dependencies = (
				D7583E612017789400B8DBFB /* PBXTargetDependency */,
			);
			name = AppTests;
			productName = AppTests;
			productReference = D7583E5F2017789400B8DBFB /* AppTests.xctest */;
			productType = "com.apple.product-type.bundle.unit-test";
		};
/* End PBXNativeTarget section */

/* Begin PBXProject section */
		D7583E432017789400B8DBFB /* Project object */ = {
			isa = PBXProject;
			attributes = {
				LastSwiftUpdateCheck = 0920;
				LastUpgradeCheck = 0920;
				ORGANIZATIONNAME = "Chethan SP";
				TargetAttributes = {
					D7583E4A2017789400B8DBFB = {
						CreatedOnToolsVersion = 9.2;
						ProvisioningStyle = Automatic;
					};
					D7583E5E2017789400B8DBFB = {
						CreatedOnToolsVersion = 9.2;
						ProvisioningStyle = Automatic;
						TestTargetID = D7583E4A2017789400B8DBFB;
					};
				};
			};
			buildConfigurationList = D7583E462017789400B8DBFB /* Build configuration list for PBXProject "App" */;
			compatibilityVersion = "Xcode 8.0";
			developmentRegion = en;
			hasScannedForEncodings = 0;
			knownRegions = (
				en,
				Base,
			);
			mainGroup = D7583E422017789400B8DBFB;
			productRefGroup = D7583E4C2017789400B8DBFB /* Products */;
			projectDirPath = "";
			projectRoot = "";
			targets = (
				D7583E4A2017789400B8DBFB /* App */,
				D7583E5E2017789400B8DBFB /* AppTests */,
			);
		};
/* End PBXProject section */

/* Begin PBXResourcesBuildPhase section */
		D7583E492017789400B8DBFB /* Resources */ = {
			isa = PBXResourcesBuildPhase;
			buildActionMask = 2147483647;
			files = (
				D7583E592017789400B8DBFB /* LaunchScreen.storyboard in Resources */,
				D7352E7B201B971200F1CCE2 /* Assets.xcassets in Resources */,
				D7583E542017789400B8DBFB /* Main.storyboard in Resources */,
			);
			runOnlyForDeploymentPostprocessing = 0;
		};
		D7583E5D2017789400B8DBFB /* Resources */ = {
			isa = PBXResourcesBuildPhase;
			buildActionMask = 2147483647;
			files = (
			);
			runOnlyForDeploymentPostprocessing = 0;
		};
/* End PBXResourcesBuildPhase section */

/* Begin PBXShellScriptBuildPhase section */
		191FC6CEFC077B00FF66296C /* [CP] Copy Pods Resources */ = {
			isa = PBXShellScriptBuildPhase;
			buildActionMask = 2147483647;
			files = (
			);
			inputPaths = (
			);
			name = "[CP] Copy Pods Resources";
			outputPaths = (
			);
			runOnlyForDeploymentPostprocessing = 0;
			shellPath = /bin/sh;
			shellScript = "\"${SRCROOT}/Pods/Target Support Files/Pods-AppTests/Pods-AppTests-resources.sh\"\n";
			showEnvVarsInLog = 0;
		};
		194BCA35255DAE9E4CF58273 /* [CP] Embed Pods Frameworks */ = {
			isa = PBXShellScriptBuildPhase;
			buildActionMask = 2147483647;
			files = (
			);
			inputPaths = (
				"${SRCROOT}/Pods/Target Support Files/Pods-App/Pods-App-frameworks.sh",
				"${BUILT_PRODUCTS_DIR}/MBProgressHUD/MBProgressHUD.framework",
			);
			name = "[CP] Embed Pods Frameworks";
			outputPaths = (
				"${TARGET_BUILD_DIR}/${FRAMEWORKS_FOLDER_PATH}/MBProgressHUD.framework",
			);
			runOnlyForDeploymentPostprocessing = 0;
			shellPath = /bin/sh;
			shellScript = "\"${SRCROOT}/Pods/Target Support Files/Pods-App/Pods-App-frameworks.sh\"\n";
			showEnvVarsInLog = 0;
		};
		34EB4D287C5473F3F1E80E5B /* [CP] Copy Pods Resources */ = {
			isa = PBXShellScriptBuildPhase;
			buildActionMask = 2147483647;
			files = (
			);
			inputPaths = (
			);
			name = "[CP] Copy Pods Resources";
			outputPaths = (
			);
			runOnlyForDeploymentPostprocessing = 0;
			shellPath = /bin/sh;
			shellScript = "\"${SRCROOT}/Pods/Target Support Files/Pods-App/Pods-App-resources.sh\"\n";
			showEnvVarsInLog = 0;
		};
		6E6B657F1E1B7F8C3A6AA40F /* [CP] Check Pods Manifest.lock */ = {
			isa = PBXShellScriptBuildPhase;
			buildActionMask = 2147483647;
			files = (
			);
			inputPaths = (
				"${PODS_PODFILE_DIR_PATH}/Podfile.lock",
				"${PODS_ROOT}/Manifest.lock",
			);
			name = "[CP] Check Pods Manifest.lock";
			outputPaths = (
				"$(DERIVED_FILE_DIR)/Pods-App-checkManifestLockResult.txt",
			);
			runOnlyForDeploymentPostprocessing = 0;
			shellPath = /bin/sh;
			shellScript = "diff \"${PODS_PODFILE_DIR_PATH}/Podfile.lock\" \"${PODS_ROOT}/Manifest.lock\" > /dev/null\nif [ $? != 0 ] ; then\n    # print error to STDERR\n    echo \"error: The sandbox is not in sync with the Podfile.lock. Run 'pod install' or update your CocoaPods installation.\" >&2\n    exit 1\nfi\n# This output is used by Xcode 'outputs' to avoid re-running this script phase.\necho \"SUCCESS\" > \"${SCRIPT_OUTPUT_FILE_0}\"\n";
			showEnvVarsInLog = 0;
		};
		F56C7386480FA21890D16270 /* [CP] Check Pods Manifest.lock */ = {
			isa = PBXShellScriptBuildPhase;
			buildActionMask = 2147483647;
			files = (
			);
			inputPaths = (
				"${PODS_PODFILE_DIR_PATH}/Podfile.lock",
				"${PODS_ROOT}/Manifest.lock",
			);
			name = "[CP] Check Pods Manifest.lock";
			outputPaths = (
				"$(DERIVED_FILE_DIR)/Pods-AppTests-checkManifestLockResult.txt",
			);
			runOnlyForDeploymentPostprocessing = 0;
			shellPath = /bin/sh;
			shellScript = "diff \"${PODS_PODFILE_DIR_PATH}/Podfile.lock\" \"${PODS_ROOT}/Manifest.lock\" > /dev/null\nif [ $? != 0 ] ; then\n    # print error to STDERR\n    echo \"error: The sandbox is not in sync with the Podfile.lock. Run 'pod install' or update your CocoaPods installation.\" >&2\n    exit 1\nfi\n# This output is used by Xcode 'outputs' to avoid re-running this script phase.\necho \"SUCCESS\" > \"${SCRIPT_OUTPUT_FILE_0}\"\n";
			showEnvVarsInLog = 0;
		};
		FF340ACAF24DCD9E04D97DB7 /* [CP] Embed Pods Frameworks */ = {
			isa = PBXShellScriptBuildPhase;
			buildActionMask = 2147483647;
			files = (
			);
			inputPaths = (
				"${SRCROOT}/Pods/Target Support Files/Pods-AppTests/Pods-AppTests-frameworks.sh",
				"${BUILT_PRODUCTS_DIR}/MBProgressHUD/MBProgressHUD.framework",
			);
			name = "[CP] Embed Pods Frameworks";
			outputPaths = (
				"${TARGET_BUILD_DIR}/${FRAMEWORKS_FOLDER_PATH}/MBProgressHUD.framework",
			);
			runOnlyForDeploymentPostprocessing = 0;
			shellPath = /bin/sh;
			shellScript = "\"${SRCROOT}/Pods/Target Support Files/Pods-AppTests/Pods-AppTests-frameworks.sh\"\n";
			showEnvVarsInLog = 0;
		};
/* End PBXShellScriptBuildPhase section */

/* Begin PBXSourcesBuildPhase section */
		D7583E472017789400B8DBFB /* Sources */ = {
			isa = PBXSourcesBuildPhase;
			buildActionMask = 2147483647;
			files = (
				D7583E512017789400B8DBFB /* ViewController.swift in Sources */,
				D7583E4F2017789400B8DBFB /* AppDelegate.swift in Sources */,
				D7352E7F201B9D6200F1CCE2 /* DetailViewCell.swift in Sources */,
				D7352E79201B8CDA00F1CCE2 /* Places.swift in Sources */,
				D7352E7D201B9CEC00F1CCE2 /* DetailViewController.swift in Sources */,
			);
			runOnlyForDeploymentPostprocessing = 0;
		};
		D7583E5B2017789400B8DBFB /* Sources */ = {
			isa = PBXSourcesBuildPhase;
			buildActionMask = 2147483647;
			files = (
				D7583E642017789400B8DBFB /* AppTests.swift in Sources */,
			);
			runOnlyForDeploymentPostprocessing = 0;
		};
/* End PBXSourcesBuildPhase section */

/* Begin PBXTargetDependency section */
		D7583E612017789400B8DBFB /* PBXTargetDependency */ = {
			isa = PBXTargetDependency;
			target = D7583E4A2017789400B8DBFB /* App */;
			targetProxy = D7583E602017789400B8DBFB /* PBXContainerItemProxy */;
		};
/* End PBXTargetDependency section */

/* Begin PBXVariantGroup section */
		D7583E522017789400B8DBFB /* Main.storyboard */ = {
			isa = PBXVariantGroup;
			children = (
				D7583E532017789400B8DBFB /* Base */,
				D7352E80201BA6C000F1CCE2 /* fr */,
			);
			name = Main.storyboard;
			sourceTree = "<group>";
		};
		D7583E572017789400B8DBFB /* LaunchScreen.storyboard */ = {
			isa = PBXVariantGroup;
			children = (
				D7583E582017789400B8DBFB /* Base */,
				D7352E81201BA6C000F1CCE2 /* fr */,
			);
			name = LaunchScreen.storyboard;
			sourceTree = "<group>";
		};
/* End PBXVariantGroup section */

/* Begin XCBuildConfiguration section */
		D7583E662017789400B8DBFB /* Debug */ = {
			isa = XCBuildConfiguration;
			buildSettings = {
				ALWAYS_SEARCH_USER_PATHS = NO;
				CLANG_ANALYZER_LOCALIZABILITY_NONLOCALIZED = YES;
				CLANG_ANALYZER_NONNULL = YES;
				CLANG_ANALYZER_NUMBER_OBJECT_CONVERSION = YES_AGGRESSIVE;
				CLANG_CXX_LANGUAGE_STANDARD = "gnu++14";
				CLANG_CXX_LIBRARY = "libc++";
				CLANG_ENABLE_MODULES = YES;
				CLANG_ENABLE_OBJC_ARC = YES;
				CLANG_WARN_BLOCK_CAPTURE_AUTORELEASING = YES;
				CLANG_WARN_BOOL_CONVERSION = YES;
				CLANG_WARN_COMMA = YES;
				CLANG_WARN_CONSTANT_CONVERSION = YES;
				CLANG_WARN_DIRECT_OBJC_ISA_USAGE = YES_ERROR;
				CLANG_WARN_DOCUMENTATION_COMMENTS = YES;
				CLANG_WARN_EMPTY_BODY = YES;
				CLANG_WARN_ENUM_CONVERSION = YES;
				CLANG_WARN_INFINITE_RECURSION = YES;
				CLANG_WARN_INT_CONVERSION = YES;
				CLANG_WARN_NON_LITERAL_NULL_CONVERSION = YES;
				CLANG_WARN_OBJC_LITERAL_CONVERSION = YES;
				CLANG_WARN_OBJC_ROOT_CLASS = YES_ERROR;
				CLANG_WARN_RANGE_LOOP_ANALYSIS = YES;
				CLANG_WARN_STRICT_PROTOTYPES = YES;
				CLANG_WARN_SUSPICIOUS_MOVE = YES;
				CLANG_WARN_UNGUARDED_AVAILABILITY = YES_AGGRESSIVE;
				CLANG_WARN_UNREACHABLE_CODE = YES;
				CLANG_WARN__DUPLICATE_METHOD_MATCH = YES;
				CODE_SIGN_IDENTITY = "iPhone Developer";
				COPY_PHASE_STRIP = NO;
				DEBUG_INFORMATION_FORMAT = dwarf;
				ENABLE_STRICT_OBJC_MSGSEND = YES;
				ENABLE_TESTABILITY = YES;
				GCC_C_LANGUAGE_STANDARD = gnu11;
				GCC_DYNAMIC_NO_PIC = NO;
				GCC_NO_COMMON_BLOCKS = YES;
				GCC_OPTIMIZATION_LEVEL = 0;
				GCC_PREPROCESSOR_DEFINITIONS = (
					"DEBUG=1",
					"$(inherited)",
				);
				GCC_WARN_64_TO_32_BIT_CONVERSION = YES;
				GCC_WARN_ABOUT_RETURN_TYPE = YES_ERROR;
				GCC_WARN_UNDECLARED_SELECTOR = YES;
				GCC_WARN_UNINITIALIZED_AUTOS = YES_AGGRESSIVE;
				GCC_WARN_UNUSED_FUNCTION = YES;
				GCC_WARN_UNUSED_VARIABLE = YES;
				IPHONEOS_DEPLOYMENT_TARGET = 11.2;
				MTL_ENABLE_DEBUG_INFO = YES;
				ONLY_ACTIVE_ARCH = YES;
				SDKROOT = iphoneos;
				SWIFT_ACTIVE_COMPILATION_CONDITIONS = DEBUG;
				SWIFT_OPTIMIZATION_LEVEL = "-Onone";
			};
			name = Debug;
		};
		D7583E672017789400B8DBFB /* Release */ = {
			isa = XCBuildConfiguration;
			buildSettings = {
				ALWAYS_SEARCH_USER_PATHS = NO;
				CLANG_ANALYZER_LOCALIZABILITY_NONLOCALIZED = YES;
				CLANG_ANALYZER_NONNULL = YES;
				CLANG_ANALYZER_NUMBER_OBJECT_CONVERSION = YES_AGGRESSIVE;
				CLANG_CXX_LANGUAGE_STANDARD = "gnu++14";
				CLANG_CXX_LIBRARY = "libc++";
				CLANG_ENABLE_MODULES = YES;
				CLANG_ENABLE_OBJC_ARC = YES;
				CLANG_WARN_BLOCK_CAPTURE_AUTORELEASING = YES;
				CLANG_WARN_BOOL_CONVERSION = YES;
				CLANG_WARN_COMMA = YES;
				CLANG_WARN_CONSTANT_CONVERSION = YES;
				CLANG_WARN_DIRECT_OBJC_ISA_USAGE = YES_ERROR;
				CLANG_WARN_DOCUMENTATION_COMMENTS = YES;
				CLANG_WARN_EMPTY_BODY = YES;
				CLANG_WARN_ENUM_CONVERSION = YES;
				CLANG_WARN_INFINITE_RECURSION = YES;
				CLANG_WARN_INT_CONVERSION = YES;
				CLANG_WARN_NON_LITERAL_NULL_CONVERSION = YES;
				CLANG_WARN_OBJC_LITERAL_CONVERSION = YES;
				CLANG_WARN_OBJC_ROOT_CLASS = YES_ERROR;
				CLANG_WARN_RANGE_LOOP_ANALYSIS = YES;
				CLANG_WARN_STRICT_PROTOTYPES = YES;
				CLANG_WARN_SUSPICIOUS_MOVE = YES;
				CLANG_WARN_UNGUARDED_AVAILABILITY = YES_AGGRESSIVE;
				CLANG_WARN_UNREACHABLE_CODE = YES;
				CLANG_WARN__DUPLICATE_METHOD_MATCH = YES;
				CODE_SIGN_IDENTITY = "iPhone Developer";
				COPY_PHASE_STRIP = NO;
				DEBUG_INFORMATION_FORMAT = "dwarf-with-dsym";
				ENABLE_NS_ASSERTIONS = NO;
				ENABLE_STRICT_OBJC_MSGSEND = YES;
				GCC_C_LANGUAGE_STANDARD = gnu11;
				GCC_NO_COMMON_BLOCKS = YES;
				GCC_WARN_64_TO_32_BIT_CONVERSION = YES;
				GCC_WARN_ABOUT_RETURN_TYPE = YES_ERROR;
				GCC_WARN_UNDECLARED_SELECTOR = YES;
				GCC_WARN_UNINITIALIZED_AUTOS = YES_AGGRESSIVE;
				GCC_WARN_UNUSED_FUNCTION = YES;
				GCC_WARN_UNUSED_VARIABLE = YES;
				IPHONEOS_DEPLOYMENT_TARGET = 11.2;
				MTL_ENABLE_DEBUG_INFO = NO;
				SDKROOT = iphoneos;
				SWIFT_OPTIMIZATION_LEVEL = "-Owholemodule";
				VALIDATE_PRODUCT = YES;
			};
			name = Release;
		};
		D7583E692017789400B8DBFB /* Debug */ = {
			isa = XCBuildConfiguration;
			baseConfigurationReference = 51291521309424AF76C0F604 /* Pods-App.debug.xcconfig */;
			buildSettings = {
				ASSETCATALOG_COMPILER_APPICON_NAME = AppIcon;
				CODE_SIGN_STYLE = Automatic;
				INFOPLIST_FILE = App/Info.plist;
				LD_RUNPATH_SEARCH_PATHS = "$(inherited) @executable_path/Frameworks";
				PRODUCT_BUNDLE_IDENTIFIER = com.chethan.App;
				PRODUCT_NAME = "$(TARGET_NAME)";
				SWIFT_VERSION = 4.0;
				TARGETED_DEVICE_FAMILY = "1,2";
			};
			name = Debug;
		};
		D7583E6A2017789400B8DBFB /* Release */ = {
			isa = XCBuildConfiguration;
			baseConfigurationReference = 15DF654D247BD6DB43C1BC78 /* Pods-App.release.xcconfig */;
			buildSettings = {
				ASSETCATALOG_COMPILER_APPICON_NAME = AppIcon;
				CODE_SIGN_STYLE = Automatic;
				INFOPLIST_FILE = App/Info.plist;
				LD_RUNPATH_SEARCH_PATHS = "$(inherited) @executable_path/Frameworks";
				PRODUCT_BUNDLE_IDENTIFIER = com.chethan.App;
				PRODUCT_NAME = "$(TARGET_NAME)";
				SWIFT_VERSION = 4.0;
				TARGETED_DEVICE_FAMILY = "1,2";
			};
			name = Release;
		};
		D7583E6C2017789400B8DBFB /* Debug */ = {
			isa = XCBuildConfiguration;
			baseConfigurationReference = 2095A02B9B69BD0DCDDBE344 /* Pods-AppTests.debug.xcconfig */;
			buildSettings = {
				ALWAYS_EMBED_SWIFT_STANDARD_LIBRARIES = YES;
				BUNDLE_LOADER = "$(TEST_HOST)";
				CODE_SIGN_STYLE = Automatic;
				INFOPLIST_FILE = AppTests/Info.plist;
				LD_RUNPATH_SEARCH_PATHS = "$(inherited) @executable_path/Frameworks @loader_path/Frameworks";
				PRODUCT_BUNDLE_IDENTIFIER = com.chethan.AppTests;
				PRODUCT_NAME = "$(TARGET_NAME)";
				SWIFT_VERSION = 4.0;
				TARGETED_DEVICE_FAMILY = "1,2";
				TEST_HOST = "$(BUILT_PRODUCTS_DIR)/App.app/App";
			};
			name = Debug;
		};
		D7583E6D2017789400B8DBFB /* Release */ = {
			isa = XCBuildConfiguration;
			baseConfigurationReference = 6F0B2C6BADC95BF83AA812FB /* Pods-AppTests.release.xcconfig */;
			buildSettings = {
				ALWAYS_EMBED_SWIFT_STANDARD_LIBRARIES = YES;
				BUNDLE_LOADER = "$(TEST_HOST)";
				CODE_SIGN_STYLE = Automatic;
				INFOPLIST_FILE = AppTests/Info.plist;
				LD_RUNPATH_SEARCH_PATHS = "$(inherited) @executable_path/Frameworks @loader_path/Frameworks";
				PRODUCT_BUNDLE_IDENTIFIER = com.chethan.AppTests;
				PRODUCT_NAME = "$(TARGET_NAME)";
				SWIFT_VERSION = 4.0;
				TARGETED_DEVICE_FAMILY = "1,2";
				TEST_HOST = "$(BUILT_PRODUCTS_DIR)/App.app/App";
			};
			name = Release;
		};
/* End XCBuildConfiguration section */

/* Begin XCConfigurationList section */
		D7583E462017789400B8DBFB /* Build configuration list for PBXProject "App" */ = {
			isa = XCConfigurationList;
			buildConfigurations = (
				D7583E662017789400B8DBFB /* Debug */,
				D7583E672017789400B8DBFB /* Release */,
			);
			defaultConfigurationIsVisible = 0;
			defaultConfigurationName = Release;
		};
		D7583E682017789400B8DBFB /* Build configuration list for PBXNativeTarget "App" */ = {
			isa = XCConfigurationList;
			buildConfigurations = (
				D7583E692017789400B8DBFB /* Debug */,
				D7583E6A2017789400B8DBFB /* Release */,
			);
			defaultConfigurationIsVisible = 0;
			defaultConfigurationName = Release;
		};
		D7583E6B2017789400B8DBFB /* Build configuration list for PBXNativeTarget "AppTests" */ = {
			isa = XCConfigurationList;
			buildConfigurations = (
				D7583E6C2017789400B8DBFB /* Debug */,
				D7583E6D2017789400B8DBFB /* Release */,
			);
			defaultConfigurationIsVisible = 0;
			defaultConfigurationName = Release;
		};
/* End XCConfigurationList section */
	};
	rootObject = D7583E432017789400B8DBFB /* Project object */;
}
